
Microsoft Visual Studio Solution File, Format Version 12.00
# Visual Studio Version 17
VisualStudioVersion = 17.10.34916.146
MinimumVisualStudioVersion = 10.0.40219.1
Project("{FAE04EC0-301F-11D3-BF4B-00C04F79EFBC}") = "DICEROLLER", "DiceRoller\DICEROLLER.csproj", "{ACF9DB80-AC25-4285-95CB-7E5630C77840}"
EndProject
Global
	GlobalSection(SolutionConfigurationPlatforms) = preSolution
		Debug|Any CPU = Debug|Any CPU
		Release|Any CPU = Release|Any CPU
	EndGlobalSection
	GlobalSection(ProjectConfigurationPlatforms) = postSolution
		{ACF9DB80-AC25-4285-95CB-7E5630C77840}.Debug|Any CPU.ActiveCfg = Debug|Any CPU
		{ACF9DB80-AC25-4285-95CB-7E5630C77840}.Debug|Any CPU.Build.0 = Debug|Any CPU
		{ACF9DB80-AC25-4285-95CB-7E5630C77840}.Debug|Any CPU.Deploy.0 = Debug|Any CPU
		{ACF9DB80-AC25-4285-95CB-7E5630C77840}.Release|Any CPU.ActiveCfg = Release|Any CPU
		{ACF9DB80-AC25-4285-95CB-7E5630C77840}.Release|Any CPU.Build.0 = Release|Any CPU
		{ACF9DB80-AC25-4285-95CB-7E5630C77840}.Release|Any CPU.Deploy.0 = Release|Any CPU
	EndGlobalSection
	GlobalSection(SolutionProperties) = preSolution
		HideSolutionNode = FALSE
	EndGlobalSection
	GlobalSection(ExtensibilityGlobals) = postSolution
		SolutionGuid = {09161E8A-3BFF-4D74-A970-00241745CA69}
	EndGlobalSection
EndGlobal
